
Microsoft Visual Studio Solution File, Format Version 12.00
# Visual Studio Version 17
VisualStudioVersion = 17.5.002.0
MinimumVisualStudioVersion = 10.0.40219.1
Project("{9A19103F-16F7-4668-BE54-9A1E7A4F7556}") = "RazorPagesMovie", "RazorPagesMovie.csproj", "{6988AF3F-6FD4-464E-858E-BAB453354FE8}"
EndProject
Global
	GlobalSection(SolutionConfigurationPlatforms) = preSolution
		Debug|Any CPU = Debug|Any CPU
		Release|Any CPU = Release|Any CPU
	EndGlobalSection
	GlobalSection(ProjectConfigurationPlatforms) = postSolution
		{6988AF3F-6FD4-464E-858E-BAB453354FE8}.Debug|Any CPU.ActiveCfg = Debug|Any CPU
		{6988AF3F-6FD4-464E-858E-BAB453354FE8}.Debug|Any CPU.Build.0 = Debug|Any CPU
		{6988AF3F-6FD4-464E-858E-BAB453354FE8}.Release|Any CPU.ActiveCfg = Release|Any CPU
		{6988AF3F-6FD4-464E-858E-BAB453354FE8}.Release|Any CPU.Build.0 = Release|Any CPU
	EndGlobalSection
	GlobalSection(SolutionProperties) = preSolution
		HideSolutionNode = FALSE
	EndGlobalSection
	GlobalSection(ExtensibilityGlobals) = postSolution
		SolutionGuid = {844FDA90-AC7B-4D07-96E2-FB0E3822419A}
	EndGlobalSection
EndGlobal
